
Microsoft Visual Studio Solution File, Format Version 11.00
# Visual Studio 2010
Project("{FAE04EC0-301F-11D3-BF4B-00C04F79EFBC}") = "ParsCit", "ParsCit\ParsCit.csproj", "{9C998E01-399F-4C3C-929B-2A19F3E50AC7}"
EndProject
Project("{FAE04EC0-301F-11D3-BF4B-00C04F79EFBC}") = "ParCit.Test", "ParCit.Test\ParCit.Test.csproj", "{EB72AA65-200D-4EC6-8ECE-0EB83B4A7E46}"
EndProject
Project("{F2A71F9B-5D33-465A-A702-920D77279786}") = "MongoConnect", "MongoConnect\MongoConnect.fsproj", "{CFBFAED0-0FBF-45EA-A784-2285DD8CCD79}"
EndProject
Project("{FAE04EC0-301F-11D3-BF4B-00C04F79EFBC}") = "CitationSemanticExtraction", "bibliopediaut\Bibliopedia\trunk\CitationSemanticExtraction\CitationSemanticExtraction.csproj", "{CFCF572A-DD9E-4DEE-9BDE-E7E139F5AEBE}"
EndProject
Project("{FAE04EC0-301F-11D3-BF4B-00C04F79EFBC}") = "Data", "bibliopediaut\Bibliopedia\trunk\Data\Data.csproj", "{BD90EF74-2C64-4221-8740-6FA705B63A5A}"
EndProject
Project("{FAE04EC0-301F-11D3-BF4B-00C04F79EFBC}") = "Data.Tests", "bibliopediaut\Bibliopedia\trunk\Data.Tests\Data.Tests.csproj", "{2758EF5F-F2A5-4D7D-A09F-425AEE59A507}"
EndProject
Project("{F2A71F9B-5D33-465A-A702-920D77279786}") = "Parallel", "bibliopediaut\Bibliopedia\trunk\DataModelExerciser\Parallel.fsproj", "{165A6A8F-ADD6-4562-A168-66C4499971C4}"
EndProject
Project("{FAE04EC0-301F-11D3-BF4B-00C04F79EFBC}") = "Jstor", "bibliopediaut\Bibliopedia\trunk\Jstor\Jstor.csproj", "{C03CEB72-98A5-4690-A2CA-4C968322623F}"
EndProject
Project("{FAE04EC0-301F-11D3-BF4B-00C04F79EFBC}") = "PersistJstorAsTriples", "bibliopediaut\Bibliopedia\trunk\PersistJstorAsTriples\PersistJstorAsTriples.csproj", "{CE35D13A-E960-4BD3-B9DA-86D0A4382762}"
EndProject
Project("{FAE04EC0-301F-11D3-BF4B-00C04F79EFBC}") = "OpenCalais", "bibliopediaut\Bibliopedia\trunk\OpenCalais\OpenCalais.csproj", "{9057EAC4-5592-437A-BC43-24D425A6458D}"
EndProject
Project("{F2A71F9B-5D33-465A-A702-920D77279786}") = "Processor", "bibliopediaut\Bibliopedia\trunk\Processor\Processor.fsproj", "{C67740CA-229A-49AD-8B16-F96965856F08}"
EndProject
Project("{FAE04EC0-301F-11D3-BF4B-00C04F79EFBC}") = "PublishedWorks.Tests", "bibliopediaut\Bibliopedia\trunk\PublishedWorks.Tests\PublishedWorks.Tests.csproj", "{E6123D67-BDCF-4C14-9EF1-DFF106CD8E16}"
EndProject
Project("{FAE04EC0-301F-11D3-BF4B-00C04F79EFBC}") = "PublishedWorks", "bibliopediaut\Bibliopedia\trunk\Works\PublishedWorks.csproj", "{8F6BE1C2-83E2-498A-B06C-3D79DC235C52}"
EndProject
Global
	GlobalSection(SolutionConfigurationPlatforms) = preSolution
		Debug|Any CPU = Debug|Any CPU
		Debug|Mixed Platforms = Debug|Mixed Platforms
		Debug|x86 = Debug|x86
		Release|Any CPU = Release|Any CPU
		Release|Mixed Platforms = Release|Mixed Platforms
		Release|x86 = Release|x86
	EndGlobalSection
	GlobalSection(ProjectConfigurationPlatforms) = postSolution
		{9C998E01-399F-4C3C-929B-2A19F3E50AC7}.Debug|Any CPU.ActiveCfg = Debug|Any CPU
		{9C998E01-399F-4C3C-929B-2A19F3E50AC7}.Debug|Any CPU.Build.0 = Debug|Any CPU
		{9C998E01-399F-4C3C-929B-2A19F3E50AC7}.Debug|Mixed Platforms.ActiveCfg = Debug|Any CPU
		{9C998E01-399F-4C3C-929B-2A19F3E50AC7}.Debug|Mixed Platforms.Build.0 = Debug|Any CPU
		{9C998E01-399F-4C3C-929B-2A19F3E50AC7}.Debug|x86.ActiveCfg = Debug|Any CPU
		{9C998E01-399F-4C3C-929B-2A19F3E50AC7}.Release|Any CPU.ActiveCfg = Release|Any CPU
		{9C998E01-399F-4C3C-929B-2A19F3E50AC7}.Release|Any CPU.Build.0 = Release|Any CPU
		{9C998E01-399F-4C3C-929B-2A19F3E50AC7}.Release|Mixed Platforms.ActiveCfg = Release|Any CPU
		{9C998E01-399F-4C3C-929B-2A19F3E50AC7}.Release|Mixed Platforms.Build.0 = Release|Any CPU
		{9C998E01-399F-4C3C-929B-2A19F3E50AC7}.Release|x86.ActiveCfg = Release|Any CPU
		{EB72AA65-200D-4EC6-8ECE-0EB83B4A7E46}.Debug|Any CPU.ActiveCfg = Debug|x86
		{EB72AA65-200D-4EC6-8ECE-0EB83B4A7E46}.Debug|Mixed Platforms.ActiveCfg = Debug|x86
		{EB72AA65-200D-4EC6-8ECE-0EB83B4A7E46}.Debug|Mixed Platforms.Build.0 = Debug|x86
		{EB72AA65-200D-4EC6-8ECE-0EB83B4A7E46}.Debug|x86.ActiveCfg = Debug|x86
		{EB72AA65-200D-4EC6-8ECE-0EB83B4A7E46}.Debug|x86.Build.0 = Debug|x86
		{EB72AA65-200D-4EC6-8ECE-0EB83B4A7E46}.Release|Any CPU.ActiveCfg = Release|x86
		{EB72AA65-200D-4EC6-8ECE-0EB83B4A7E46}.Release|Mixed Platforms.ActiveCfg = Release|x86
		{EB72AA65-200D-4EC6-8ECE-0EB83B4A7E46}.Release|Mixed Platforms.Build.0 = Release|x86
		{EB72AA65-200D-4EC6-8ECE-0EB83B4A7E46}.Release|x86.ActiveCfg = Release|x86
		{EB72AA65-200D-4EC6-8ECE-0EB83B4A7E46}.Release|x86.Build.0 = Release|x86
		{CFBFAED0-0FBF-45EA-A784-2285DD8CCD79}.Debug|Any CPU.ActiveCfg = Debug|Any CPU
		{CFBFAED0-0FBF-45EA-A784-2285DD8CCD79}.Debug|Any CPU.Build.0 = Debug|Any CPU
		{CFBFAED0-0FBF-45EA-A784-2285DD8CCD79}.Debug|Mixed Platforms.ActiveCfg = Debug|Any CPU
		{CFBFAED0-0FBF-45EA-A784-2285DD8CCD79}.Debug|Mixed Platforms.Build.0 = Debug|Any CPU
		{CFBFAED0-0FBF-45EA-A784-2285DD8CCD79}.Debug|x86.ActiveCfg = Debug|Any CPU
		{CFBFAED0-0FBF-45EA-A784-2285DD8CCD79}.Release|Any CPU.ActiveCfg = Release|Any CPU
		{CFBFAED0-0FBF-45EA-A784-2285DD8CCD79}.Release|Any CPU.Build.0 = Release|Any CPU
		{CFBFAED0-0FBF-45EA-A784-2285DD8CCD79}.Release|Mixed Platforms.ActiveCfg = Release|Any CPU
		{CFBFAED0-0FBF-45EA-A784-2285DD8CCD79}.Release|Mixed Platforms.Build.0 = Release|Any CPU
		{CFBFAED0-0FBF-45EA-A784-2285DD8CCD79}.Release|x86.ActiveCfg = Release|Any CPU
		{CFCF572A-DD9E-4DEE-9BDE-E7E139F5AEBE}.Debug|Any CPU.ActiveCfg = Debug|Any CPU
		{CFCF572A-DD9E-4DEE-9BDE-E7E139F5AEBE}.Debug|Any CPU.Build.0 = Debug|Any CPU
		{CFCF572A-DD9E-4DEE-9BDE-E7E139F5AEBE}.Debug|Mixed Platforms.ActiveCfg = Debug|Any CPU
		{CFCF572A-DD9E-4DEE-9BDE-E7E139F5AEBE}.Debug|Mixed Platforms.Build.0 = Debug|Any CPU
		{CFCF572A-DD9E-4DEE-9BDE-E7E139F5AEBE}.Debug|x86.ActiveCfg = Debug|Any CPU
		{CFCF572A-DD9E-4DEE-9BDE-E7E139F5AEBE}.Release|Any CPU.ActiveCfg = Release|Any CPU
		{CFCF572A-DD9E-4DEE-9BDE-E7E139F5AEBE}.Release|Any CPU.Build.0 = Release|Any CPU
		{CFCF572A-DD9E-4DEE-9BDE-E7E139F5AEBE}.Release|Mixed Platforms.ActiveCfg = Release|Any CPU
		{CFCF572A-DD9E-4DEE-9BDE-E7E139F5AEBE}.Release|Mixed Platforms.Build.0 = Release|Any CPU
		{CFCF572A-DD9E-4DEE-9BDE-E7E139F5AEBE}.Release|x86.ActiveCfg = Release|Any CPU
		{BD90EF74-2C64-4221-8740-6FA705B63A5A}.Debug|Any CPU.ActiveCfg = Debug|Any CPU
		{BD90EF74-2C64-4221-8740-6FA705B63A5A}.Debug|Any CPU.Build.0 = Debug|Any CPU
		{BD90EF74-2C64-4221-8740-6FA705B63A5A}.Debug|Mixed Platforms.ActiveCfg = Debug|Any CPU
		{BD90EF74-2C64-4221-8740-6FA705B63A5A}.Debug|Mixed Platforms.Build.0 = Debug|Any CPU
		{BD90EF74-2C64-4221-8740-6FA705B63A5A}.Debug|x86.ActiveCfg = Debug|Any CPU
		{BD90EF74-2C64-4221-8740-6FA705B63A5A}.Release|Any CPU.ActiveCfg = Release|Any CPU
		{BD90EF74-2C64-4221-8740-6FA705B63A5A}.Release|Any CPU.Build.0 = Release|Any CPU
		{BD90EF74-2C64-4221-8740-6FA705B63A5A}.Release|Mixed Platforms.ActiveCfg = Release|Any CPU
		{BD90EF74-2C64-4221-8740-6FA705B63A5A}.Release|Mixed Platforms.Build.0 = Release|Any CPU
		{BD90EF74-2C64-4221-8740-6FA705B63A5A}.Release|x86.ActiveCfg = Release|Any CPU
		{2758EF5F-F2A5-4D7D-A09F-425AEE59A507}.Debug|Any CPU.ActiveCfg = Debug|Any CPU
		{2758EF5F-F2A5-4D7D-A09F-425AEE59A507}.Debug|Any CPU.Build.0 = Debug|Any CPU
		{2758EF5F-F2A5-4D7D-A09F-425AEE59A507}.Debug|Mixed Platforms.ActiveCfg = Debug|Any CPU
		{2758EF5F-F2A5-4D7D-A09F-425AEE59A507}.Debug|Mixed Platforms.Build.0 = Debug|Any CPU
		{2758EF5F-F2A5-4D7D-A09F-425AEE59A507}.Debug|x86.ActiveCfg = Debug|Any CPU
		{2758EF5F-F2A5-4D7D-A09F-425AEE59A507}.Release|Any CPU.ActiveCfg = Release|Any CPU
		{2758EF5F-F2A5-4D7D-A09F-425AEE59A507}.Release|Any CPU.Build.0 = Release|Any CPU
		{2758EF5F-F2A5-4D7D-A09F-425AEE59A507}.Release|Mixed Platforms.ActiveCfg = Release|Any CPU
		{2758EF5F-F2A5-4D7D-A09F-425AEE59A507}.Release|Mixed Platforms.Build.0 = Release|Any CPU
		{2758EF5F-F2A5-4D7D-A09F-425AEE59A507}.Release|x86.ActiveCfg = Release|Any CPU
		{165A6A8F-ADD6-4562-A168-66C4499971C4}.Debug|Any CPU.ActiveCfg = Debug|Any CPU
		{165A6A8F-ADD6-4562-A168-66C4499971C4}.Debug|Any CPU.Build.0 = Debug|Any CPU
		{165A6A8F-ADD6-4562-A168-66C4499971C4}.Debug|Mixed Platforms.ActiveCfg = Debug|Any CPU
		{165A6A8F-ADD6-4562-A168-66C4499971C4}.Debug|Mixed Platforms.Build.0 = Debug|Any CPU
		{165A6A8F-ADD6-4562-A168-66C4499971C4}.Debug|x86.ActiveCfg = Debug|Any CPU
		{165A6A8F-ADD6-4562-A168-66C4499971C4}.Release|Any CPU.ActiveCfg = Release|Any CPU
		{165A6A8F-ADD6-4562-A168-66C4499971C4}.Release|Any CPU.Build.0 = Release|Any CPU
		{165A6A8F-ADD6-4562-A168-66C4499971C4}.Release|Mixed Platforms.ActiveCfg = Release|Any CPU
		{165A6A8F-ADD6-4562-A168-66C4499971C4}.Release|Mixed Platforms.Build.0 = Release|Any CPU
		{165A6A8F-ADD6-4562-A168-66C4499971C4}.Release|x86.ActiveCfg = Release|Any CPU
		{C03CEB72-98A5-4690-A2CA-4C968322623F}.Debug|Any CPU.ActiveCfg = Debug|Any CPU
		{C03CEB72-98A5-4690-A2CA-4C968322623F}.Debug|Any CPU.Build.0 = Debug|Any CPU
		{C03CEB72-98A5-4690-A2CA-4C968322623F}.Debug|Mixed Platforms.ActiveCfg = Debug|Any CPU
		{C03CEB72-98A5-4690-A2CA-4C968322623F}.Debug|Mixed Platforms.Build.0 = Debug|Any CPU
		{C03CEB72-98A5-4690-A2CA-4C968322623F}.Debug|x86.ActiveCfg = Debug|Any CPU
		{C03CEB72-98A5-4690-A2CA-4C968322623F}.Release|Any CPU.ActiveCfg = Release|Any CPU
		{C03CEB72-98A5-4690-A2CA-4C968322623F}.Release|Any CPU.Build.0 = Release|Any CPU
		{C03CEB72-98A5-4690-A2CA-4C968322623F}.Release|Mixed Platforms.ActiveCfg = Release|Any CPU
		{C03CEB72-98A5-4690-A2CA-4C968322623F}.Release|Mixed Platforms.Build.0 = Release|Any CPU
		{C03CEB72-98A5-4690-A2CA-4C968322623F}.Release|x86.ActiveCfg = Release|Any CPU
		{CE35D13A-E960-4BD3-B9DA-86D0A4382762}.Debug|Any CPU.ActiveCfg = Debug|Any CPU
		{CE35D13A-E960-4BD3-B9DA-86D0A4382762}.Debug|Any CPU.Build.0 = Debug|Any CPU
		{CE35D13A-E960-4BD3-B9DA-86D0A4382762}.Debug|Mixed Platforms.ActiveCfg = Debug|Any CPU
		{CE35D13A-E960-4BD3-B9DA-86D0A4382762}.Debug|Mixed Platforms.Build.0 = Debug|Any CPU
		{CE35D13A-E960-4BD3-B9DA-86D0A4382762}.Debug|x86.ActiveCfg = Debug|Any CPU
		{CE35D13A-E960-4BD3-B9DA-86D0A4382762}.Release|Any CPU.ActiveCfg = Release|Any CPU
		{CE35D13A-E960-4BD3-B9DA-86D0A4382762}.Release|Any CPU.Build.0 = Release|Any CPU
		{CE35D13A-E960-4BD3-B9DA-86D0A4382762}.Release|Mixed Platforms.ActiveCfg = Release|Any CPU
		{CE35D13A-E960-4BD3-B9DA-86D0A4382762}.Release|Mixed Platforms.Build.0 = Release|Any CPU
		{CE35D13A-E960-4BD3-B9DA-86D0A4382762}.Release|x86.ActiveCfg = Release|Any CPU
		{9057EAC4-5592-437A-BC43-24D425A6458D}.Debug|Any CPU.ActiveCfg = Debug|Any CPU
		{9057EAC4-5592-437A-BC43-24D425A6458D}.Debug|Any CPU.Build.0 = Debug|Any CPU
		{9057EAC4-5592-437A-BC43-24D425A6458D}.Debug|Mixed Platforms.ActiveCfg = Debug|Any CPU
		{9057EAC4-5592-437A-BC43-24D425A6458D}.Debug|Mixed Platforms.Build.0 = Debug|Any CPU
		{9057EAC4-5592-437A-BC43-24D425A6458D}.Debug|x86.ActiveCfg = Debug|Any CPU
		{9057EAC4-5592-437A-BC43-24D425A6458D}.Release|Any CPU.ActiveCfg = Release|Any CPU
		{9057EAC4-5592-437A-BC43-24D425A6458D}.Release|Any CPU.Build.0 = Release|Any CPU
		{9057EAC4-5592-437A-BC43-24D425A6458D}.Release|Mixed Platforms.ActiveCfg = Release|Any CPU
		{9057EAC4-5592-437A-BC43-24D425A6458D}.Release|Mixed Platforms.Build.0 = Release|Any CPU
		{9057EAC4-5592-437A-BC43-24D425A6458D}.Release|x86.ActiveCfg = Release|Any CPU
		{C67740CA-229A-49AD-8B16-F96965856F08}.Debug|Any CPU.ActiveCfg = Debug|Any CPU
		{C67740CA-229A-49AD-8B16-F96965856F08}.Debug|Any CPU.Build.0 = Debug|Any CPU
		{C67740CA-229A-49AD-8B16-F96965856F08}.Debug|Mixed Platforms.ActiveCfg = Debug|Any CPU
		{C67740CA-229A-49AD-8B16-F96965856F08}.Debug|Mixed Platforms.Build.0 = Debug|Any CPU
		{C67740CA-229A-49AD-8B16-F96965856F08}.Debug|x86.ActiveCfg = Debug|Any CPU
		{C67740CA-229A-49AD-8B16-F96965856F08}.Release|Any CPU.ActiveCfg = Release|Any CPU
		{C67740CA-229A-49AD-8B16-F96965856F08}.Release|Any CPU.Build.0 = Release|Any CPU
		{C67740CA-229A-49AD-8B16-F96965856F08}.Release|Mixed Platforms.ActiveCfg = Release|Any CPU
		{C67740CA-229A-49AD-8B16-F96965856F08}.Release|Mixed Platforms.Build.0 = Release|Any CPU
		{C67740CA-229A-49AD-8B16-F96965856F08}.Release|x86.ActiveCfg = Release|Any CPU
		{E6123D67-BDCF-4C14-9EF1-DFF106CD8E16}.Debug|Any CPU.ActiveCfg = Debug|Any CPU
		{E6123D67-BDCF-4C14-9EF1-DFF106CD8E16}.Debug|Any CPU.Build.0 = Debug|Any CPU
		{E6123D67-BDCF-4C14-9EF1-DFF106CD8E16}.Debug|Mixed Platforms.ActiveCfg = Debug|Any CPU
		{E6123D67-BDCF-4C14-9EF1-DFF106CD8E16}.Debug|Mixed Platforms.Build.0 = Debug|Any CPU
		{E6123D67-BDCF-4C14-9EF1-DFF106CD8E16}.Debug|x86.ActiveCfg = Debug|Any CPU
		{E6123D67-BDCF-4C14-9EF1-DFF106CD8E16}.Release|Any CPU.ActiveCfg = Release|Any CPU
		{E6123D67-BDCF-4C14-9EF1-DFF106CD8E16}.Release|Any CPU.Build.0 = Release|Any CPU
		{E6123D67-BDCF-4C14-9EF1-DFF106CD8E16}.Release|Mixed Platforms.ActiveCfg = Release|Any CPU
		{E6123D67-BDCF-4C14-9EF1-DFF106CD8E16}.Release|Mixed Platforms.Build.0 = Release|Any CPU
		{E6123D67-BDCF-4C14-9EF1-DFF106CD8E16}.Release|x86.ActiveCfg = Release|Any CPU
		{8F6BE1C2-83E2-498A-B06C-3D79DC235C52}.Debug|Any CPU.ActiveCfg = Debug|Any CPU
		{8F6BE1C2-83E2-498A-B06C-3D79DC235C52}.Debug|Any CPU.Build.0 = Debug|Any CPU
		{8F6BE1C2-83E2-498A-B06C-3D79DC235C52}.Debug|Mixed Platforms.ActiveCfg = Debug|Any CPU
		{8F6BE1C2-83E2-498A-B06C-3D79DC235C52}.Debug|Mixed Platforms.Build.0 = Debug|Any CPU
		{8F6BE1C2-83E2-498A-B06C-3D79DC235C52}.Debug|x86.ActiveCfg = Debug|Any CPU
		{8F6BE1C2-83E2-498A-B06C-3D79DC235C52}.Release|Any CPU.ActiveCfg = Release|Any CPU
		{8F6BE1C2-83E2-498A-B06C-3D79DC235C52}.Release|Any CPU.Build.0 = Release|Any CPU
		{8F6BE1C2-83E2-498A-B06C-3D79DC235C52}.Release|Mixed Platforms.ActiveCfg = Release|Any CPU
		{8F6BE1C2-83E2-498A-B06C-3D79DC235C52}.Release|Mixed Platforms.Build.0 = Release|Any CPU
		{8F6BE1C2-83E2-498A-B06C-3D79DC235C52}.Release|x86.ActiveCfg = Release|Any CPU
	EndGlobalSection
	GlobalSection(SolutionProperties) = preSolution
		HideSolutionNode = FALSE
	EndGlobalSection
EndGlobal
